
Microsoft Visual Studio Solution File, Format Version 12.00
# Visual Studio 15
VisualStudioVersion = 15.0.27428.2027
MinimumVisualStudioVersion = 10.0.40219.1
Project("{FAE04EC0-301F-11D3-BF4B-00C04F79EFBC}") = "Ares Control Panel", "RAT Control Panel\Ares Control Panel.csproj", "{C3EAC995-1165-47BF-888C-3FB62DF61F86}"
EndProject
Global
	GlobalSection(SolutionConfigurationPlatforms) = preSolution
		Debug|Any CPU = Debug|Any CPU
		Release|Any CPU = Release|Any CPU
	EndGlobalSection
	GlobalSection(ProjectConfigurationPlatforms) = postSolution
		{C3EAC995-1165-47BF-888C-3FB62DF61F86}.Debug|Any CPU.ActiveCfg = Debug|Any CPU
		{C3EAC995-1165-47BF-888C-3FB62DF61F86}.Debug|Any CPU.Build.0 = Debug|Any CPU
		{C3EAC995-1165-47BF-888C-3FB62DF61F86}.Release|Any CPU.ActiveCfg = Release|Any CPU
		{C3EAC995-1165-47BF-888C-3FB62DF61F86}.Release|Any CPU.Build.0 = Release|Any CPU
	EndGlobalSection
	GlobalSection(SolutionProperties) = preSolution
		HideSolutionNode = FALSE
	EndGlobalSection
	GlobalSection(ExtensibilityGlobals) = postSolution
		SolutionGuid = {5F85DB64-BAE8-40C3-AD2F-EFB2BF8A66FB}
	EndGlobalSection
EndGlobal
